PODS:
  - Alamofire (5.6.2)
  - DropDown (2.3.13)
  - KakaoSDKAuth (2.11.1):
    - KakaoSDKCommon (= 2.11.1)
  - KakaoSDKCommon (2.11.1):
    - KakaoSDKCommon/Common (= 2.11.1)
    - KakaoSDKCommon/Network (= 2.11.1)
  - KakaoSDKCommon/Common (2.11.1)
  - KakaoSDKCommon/Network (2.11.1):
    - Alamofire (~> 5.1)
    - KakaoSDKCommon/Common (= 2.11.1)
  - KakaoSDKUser (2.11.1):
    - KakaoSDKAuth (= 2.11.1)
  - LGSegmentedControl (1.2.1)

DEPENDENCIES:
  - DropDown
  - KakaoSDKAuth
  - KakaoSDKUser
  - LGSegmentedControl

SPEC REPOS:
  trunk:
    - Alamofire
    - DropDown
    - KakaoSDKAuth
    - KakaoSDKCommon
    - KakaoSDKUser
    - LGSegmentedControl

SPEC CHECKSUMS:
  Alamofire: d368e1ff8a298e6dde360e35a3e68e6c610e7204
  DropDown: 8a2116376c1981888557f72ec2ffc9a5e0e456ec
  KakaoSDKAuth: bb2dfa7be30daa8403c9cfc8001aa6fde7a5b779
  KakaoSDKCommon: 555e1bb46595b842ded01cf7888cc17bbae4e113
  KakaoSDKUser: 08c0a4f40bebdebdf948a9e3d0e44ed5c2754f99
  LGSegmentedControl: 80b6c522b0f0d98d3abfe15077cccf55a7641fe5

PODFILE CHECKSUM: bfc74f72ff15c83bfd2a808da3b2cbc88fa60aba

COCOAPODS: 1.11.3
